// !$*UTF8*$!
{
	archiveVersion = 1;
	classes = {
	};
	objectVersion = 46;
	objects = {

/* Begin PBXBuildFile section */
		AF0C240A1EB8EE06004FAD35 /* test.cpp in Sources */ = {isa = PBXBuildFile; fileRef = AF0C24091EB8EE06004FAD35 /* test.cpp */; };
		AF0C240D1EB8F042004FAD35 /* SFML.framework in Frameworks */ = {isa = PBXBuildFile; fileRef = AF0C240C1EB8F042004FAD35 /* SFML.framework */; };
/* End PBXBuildFile section */

/* Begin PBXCopyFilesBuildPhase section */
		AF0C23F91EB8EDB7004FAD35 /* CopyFiles */ = {
			isa = PBXCopyFilesBuildPhase;
			buildActionMask = 2147483647;
			dstPath = /usr/share/man/man1/;
			dstSubfolderSpec = 0;
			files = (
			);
			runOnlyForDeploymentPostprocessing = 1;
		};
/* End PBXCopyFilesBuildPhase section */

/* Begin PBXFileReference section */
		AF0C23FB1EB8EDB7004FAD35 /* jetlib */ = {isa = PBXFileReference; explicitFileType = "compiled.mach-o.executable"; includeInIndex = 0; path = jetlib; sourceTree = BUILT_PRODUCTS_DIR; };
		AF0C24051EB8EDD1004FAD35 /* jetlib.h */ = {isa = PBXFileReference; fileEncoding = 4; lastKnownFileType = sourcecode.c.h; name = jetlib.h; path = ../../jetlib.h; sourceTree = "<group>"; };
		AF0C24061EB8EDD1004FAD35 /* noise.h */ = {isa = PBXFileReference; fileEncoding = 4; lastKnownFileType = sourcecode.c.h; name = noise.h; path = ../../noise.h; sourceTree = "<group>"; };
		AF0C24091EB8EE06004FAD35 /* test.cpp */ = {isa = PBXFileReference; fileEncoding = 4; lastKnownFileType = sourcecode.cpp.cpp; name = test.cpp; path = ../../test.cpp; sourceTree = "<group>"; };
		AF0C240C1EB8F042004FAD35 /* SFML.framework */ = {isa = PBXFileReference; lastKnownFileType = wrapper.framework; name = SFML.framework; path = ../../../../../../Library/Frameworks/SFML.framework; sourceTree = "<group>"; };
/* End PBXFileReference section */

/* Begin PBXFrameworksBuildPhase section */
		AF0C23F81EB8EDB7004FAD35 /* Frameworks */ = {
			isa = PBXFrameworksBuildPhase;
			buildActionMask = 2147483647;
			files = (
				AF0C240D1EB8F042004FAD35 /* SFML.framework in Frameworks */,
			);
			runOnlyForDeploymentPostprocessing = 0;
		};
/* End PBXFrameworksBuildPhase section */

/* Begin PBXGroup section */
		AF0C23F21EB8EDB7004FAD35 = {
			isa = PBXGroup;
			children = (
				AF0C23FD1EB8EDB7004FAD35 /* jetlib */,
				AF0C23FC1EB8EDB7004FAD35 /* Products */,
				AF0C240B1EB8F042004FAD35 /* Frameworks */,
			);
			sourceTree = "<group>";
		};
		AF0C23FC1EB8EDB7004FAD35 /* Products */ = {
			isa = PBXGroup;
			children = (
				AF0C23FB1EB8EDB7004FAD35 /* jetlib */,
			);
			name = Products;
			sourceTree = "<group>";
		};
		AF0C23FD1EB8EDB7004FAD35 /* jetlib */ = {
			isa = PBXGroup;
			children = (
				AF0C24051EB8EDD1004FAD35 /* jetlib.h */,
				AF0C24061EB8EDD1004FAD35 /* noise.h */,
				AF0C24091EB8EE06004FAD35 /* test.cpp */,
			);
			path = jetlib;
			sourceTree = "<group>";
		};
		AF0C240B1EB8F042004FAD35 /* Frameworks */ = {
			isa = PBXGroup;
			children = (
				AF0C240C1EB8F042004FAD35 /* SFML.framework */,
			);
			name = Frameworks;
			sourceTree = "<group>";
		};
/* End PBXGroup section */

/* Begin PBXNativeTarget section */
		AF0C23FA1EB8EDB7004FAD35 /* jetlib */ = {
			isa = PBXNativeTarget;
			buildConfigurationList = AF0C24021EB8EDB7004FAD35 /* Build configuration list for PBXNativeTarget "jetlib" */;
			buildPhases = (
				AF0C23F71EB8EDB7004FAD35 /* Sources */,
				AF0C23F81EB8EDB7004FAD35 /* Frameworks */,
				AF0C23F91EB8EDB7004FAD35 /* CopyFiles */,
			);
			buildRules = (
			);
			dependencies = (
			);
			name = jetlib;
			productName = jetlib;
			productReference = AF0C23FB1EB8EDB7004FAD35 /* jetlib */;
			productType = "com.apple.product-type.tool";
		};
/* End PBXNativeTarget section */

/* Begin PBXProject section */
		AF0C23F31EB8EDB7004FAD35 /* Project object */ = {
			isa = PBXProject;
			attributes = {
				LastUpgradeCheck = 0830;
				ORGANIZATIONNAME = JSolsvik;
				TargetAttributes = {
					AF0C23FA1EB8EDB7004FAD35 = {
						CreatedOnToolsVersion = 8.3.2;
						ProvisioningStyle = Automatic;
					};
				};
			};
			buildConfigurationList = AF0C23F61EB8EDB7004FAD35 /* Build configuration list for PBXProject "jetlib" */;
			compatibilityVersion = "Xcode 3.2";
			developmentRegion = English;
			hasScannedForEncodings = 0;
			knownRegions = (
				en,
			);
			mainGroup = AF0C23F21EB8EDB7004FAD35;
			productRefGroup = AF0C23FC1EB8EDB7004FAD35 /* Products */;
			projectDirPath = "";
			projectRoot = "";
			targets = (
				AF0C23FA1EB8EDB7004FAD35 /* jetlib */,
			);
		};
/* End PBXProject section */

/* Begin PBXSourcesBuildPhase section */
		AF0C23F71EB8EDB7004FAD35 /* Sources */ = {
			isa = PBXSourcesBuildPhase;
			buildActionMask = 2147483647;
			files = (
				AF0C240A1EB8EE06004FAD35 /* test.cpp in Sources */,
			);
			runOnlyForDeploymentPostprocessing = 0;
		};
/* End PBXSourcesBuildPhase section */

/* Begin XCBuildConfiguration section */
		AF0C24001EB8EDB7004FAD35 /* Debug */ = {
			isa = XCBuildConfiguration;
			buildSettings = {
				ALWAYS_SEARCH_USER_PATHS = NO;
				CLANG_ANALYZER_NONNULL = YES;
				CLANG_ANALYZER_NUMBER_OBJECT_CONVERSION = YES_AGGRESSIVE;
				CLANG_CXX_LANGUAGE_STANDARD = "gnu++0x";
				CLANG_CXX_LIBRARY = "libc++";
				CLANG_ENABLE_MODULES = YES;
				CLANG_ENABLE_OBJC_ARC = YES;
				CLANG_WARN_BOOL_CONVERSION = YES;
				CLANG_WARN_CONSTANT_CONVERSION = YES;
				CLANG_WARN_DIRECT_OBJC_ISA_USAGE = YES_ERROR;
				CLANG_WARN_DOCUMENTATION_COMMENTS = YES;
				CLANG_WARN_EMPTY_BODY = YES;
				CLANG_WARN_ENUM_CONVERSION = YES;
				CLANG_WARN_INFINITE_RECURSION = YES;
				CLANG_WARN_INT_CONVERSION = YES;
				CLANG_WARN_OBJC_ROOT_CLASS = YES_ERROR;
				CLANG_WARN_SUSPICIOUS_MOVE = YES;
				CLANG_WARN_UNREACHABLE_CODE = YES;
				CLANG_WARN__DUPLICATE_METHOD_MATCH = YES;
				CODE_SIGN_IDENTITY = "-";
				COPY_PHASE_STRIP = NO;
				DEBUG_INFORMATION_FORMAT = dwarf;
				ENABLE_STRICT_OBJC_MSGSEND = YES;
				ENABLE_TESTABILITY = YES;
				GCC_C_LANGUAGE_STANDARD = gnu99;
				GCC_DYNAMIC_NO_PIC = NO;
				GCC_NO_COMMON_BLOCKS = YES;
				GCC_OPTIMIZATION_LEVEL = 0;
				GCC_PREPROCESSOR_DEFINITIONS = (
					"DEBUG=1",
					"$(inherited)",
				);
				GCC_WARN_64_TO_32_BIT_CONVERSION = YES;
				GCC_WARN_ABOUT_RETURN_TYPE = YES_ERROR;
				GCC_WARN_UNDECLARED_SELECTOR = YES;
				GCC_WARN_UNINITIALIZED_AUTOS = YES_AGGRESSIVE;
				GCC_WARN_UNUSED_FUNCTION = YES;
				GCC_WARN_UNUSED_VARIABLE = YES;
				MACOSX_DEPLOYMENT_TARGET = 10.12;
				MTL_ENABLE_DEBUG_INFO = YES;
				ONLY_ACTIVE_ARCH = YES;
				SDKROOT = macosx;
			};
			name = Debug;
		};
		AF0C24011EB8EDB7004FAD35 /* Release */ = {
			isa = XCBuildConfiguration;
			buildSettings = {
				ALWAYS_SEARCH_USER_PATHS = NO;
				CLANG_ANALYZER_NONNULL = YES;
				CLANG_ANALYZER_NUMBER_OBJECT_CONVERSION = YES_AGGRESSIVE;
				CLANG_CXX_LANGUAGE_STANDARD = "gnu++0x";
				CLANG_CXX_LIBRARY = "libc++";
				CLANG_ENABLE_MODULES = YES;
				CLANG_ENABLE_OBJC_ARC = YES;
				CLANG_WARN_BOOL_CONVERSION = YES;
				CLANG_WARN_CONSTANT_CONVERSION = YES;
				CLANG_WARN_DIRECT_OBJC_ISA_USAGE = YES_ERROR;
				CLANG_WARN_DOCUMENTATION_COMMENTS = YES;
				CLANG_WARN_EMPTY_BODY = YES;
				CLANG_WARN_ENUM_CONVERSION = YES;
				CLANG_WARN_INFINITE_RECURSION = YES;
				CLANG_WARN_INT_CONVERSION = YES;
				CLANG_WARN_OBJC_ROOT_CLASS = YES_ERROR;
				CLANG_WARN_SUSPICIOUS_MOVE = YES;
				CLANG_WARN_UNREACHABLE_CODE = YES;
				CLANG_WARN__DUPLICATE_METHOD_MATCH = YES;
				CODE_SIGN_IDENTITY = "-";
				COPY_PHASE_STRIP = NO;
				DEBUG_INFORMATION_FORMAT = "dwarf-with-dsym";
				ENABLE_NS_ASSERTIONS = NO;
				ENABLE_STRICT_OBJC_MSGSEND = YES;
				GCC_C_LANGUAGE_STANDARD = gnu99;
				GCC_NO_COMMON_BLOCKS = YES;
				GCC_WARN_64_TO_32_BIT_CONVERSION = YES;
				GCC_WARN_ABOUT_RETURN_TYPE = YES_ERROR;
				GCC_WARN_UNDECLARED_SELECTOR = YES;
				GCC_WARN_UNINITIALIZED_AUTOS = YES_AGGRESSIVE;
				GCC_WARN_UNUSED_FUNCTION = YES;
				GCC_WARN_UNUSED_VARIABLE = YES;
				MACOSX_DEPLOYMENT_TARGET = 10.12;
				MTL_ENABLE_DEBUG_INFO = NO;
				SDKROOT = macosx;
			};
			name = Release;
		};
		AF0C24031EB8EDB7004FAD35 /* Debug */ = {
			isa = XCBuildConfiguration;
			buildSettings = {
				FRAMEWORK_SEARCH_PATHS = (
					"$(inherited)",
					"$(LOCAL_LIBRARY_DIR)/Frameworks",
				);
				PRODUCT_NAME = "$(TARGET_NAME)";
			};
			name = Debug;
		};
		AF0C24041EB8EDB7004FAD35 /* Release */ = {
			isa = XCBuildConfiguration;
			buildSettings = {
				FRAMEWORK_SEARCH_PATHS = (
					"$(inherited)",
					"$(LOCAL_LIBRARY_DIR)/Frameworks",
				);
				PRODUCT_NAME = "$(TARGET_NAME)";
			};
			name = Release;
		};
/* End XCBuildConfiguration section */

/* Begin XCConfigurationList section */
		AF0C23F61EB8EDB7004FAD35 /* Build configuration list for PBXProject "jetlib" */ = {
			isa = XCConfigurationList;
			buildConfigurations = (
				AF0C24001EB8EDB7004FAD35 /* Debug */,
				AF0C24011EB8EDB7004FAD35 /* Release */,
			);
			defaultConfigurationIsVisible = 0;
			defaultConfigurationName = Release;
		};
		AF0C24021EB8EDB7004FAD35 /* Build configuration list for PBXNativeTarget "jetlib" */ = {
			isa = XCConfigurationList;
			buildConfigurations = (
				AF0C24031EB8EDB7004FAD35 /* Debug */,
				AF0C24041EB8EDB7004FAD35 /* Release */,
			);
			defaultConfigurationIsVisible = 0;
		};
/* End XCConfigurationList section */
	};
	rootObject = AF0C23F31EB8EDB7004FAD35 /* Project object */;
}
